
Microsoft Visual Studio Solution File, Format Version 12.00
# Visual Studio 15
VisualStudioVersion = 15.0.28010.2046
MinimumVisualStudioVersion = 10.0.40219.1
Project("{9A19103F-16F7-4668-BE54-9A1E7A4F7556}") = "AppNet", "AppNet\AppNet.csproj", "{BC1691BF-AD3D-406D-9E53-7C6B1D4287EB}"
EndProject
Project("{FAE04EC0-301F-11D3-BF4B-00C04F79EFBC}") = "WebServer", "WebServer\WebServer.csproj", "{BBAF54B2-D86A-4202-B533-1041D58C39A3}"
EndProject
Project("{FAE04EC0-301F-11D3-BF4B-00C04F79EFBC}") = "ResponceControllers", "ResponceControllers\ResponceControllers.csproj", "{863950E7-310F-4D25-943F-069E55F1EDAD}"
EndProject
Global
	GlobalSection(SolutionConfigurationPlatforms) = preSolution
		Debug|Any CPU = Debug|Any CPU
		Release|Any CPU = Release|Any CPU
	EndGlobalSection
	GlobalSection(ProjectConfigurationPlatforms) = postSolution
		{BC1691BF-AD3D-406D-9E53-7C6B1D4287EB}.Debug|Any CPU.ActiveCfg = Debug|Any CPU
		{BC1691BF-AD3D-406D-9E53-7C6B1D4287EB}.Debug|Any CPU.Build.0 = Debug|Any CPU
		{BC1691BF-AD3D-406D-9E53-7C6B1D4287EB}.Release|Any CPU.ActiveCfg = Release|Any CPU
		{BC1691BF-AD3D-406D-9E53-7C6B1D4287EB}.Release|Any CPU.Build.0 = Release|Any CPU
		{BBAF54B2-D86A-4202-B533-1041D58C39A3}.Debug|Any CPU.ActiveCfg = Debug|Any CPU
		{BBAF54B2-D86A-4202-B533-1041D58C39A3}.Debug|Any CPU.Build.0 = Debug|Any CPU
		{BBAF54B2-D86A-4202-B533-1041D58C39A3}.Release|Any CPU.ActiveCfg = Release|Any CPU
		{BBAF54B2-D86A-4202-B533-1041D58C39A3}.Release|Any CPU.Build.0 = Release|Any CPU
		{863950E7-310F-4D25-943F-069E55F1EDAD}.Debug|Any CPU.ActiveCfg = Debug|Any CPU
		{863950E7-310F-4D25-943F-069E55F1EDAD}.Debug|Any CPU.Build.0 = Debug|Any CPU
		{863950E7-310F-4D25-943F-069E55F1EDAD}.Release|Any CPU.ActiveCfg = Release|Any CPU
		{863950E7-310F-4D25-943F-069E55F1EDAD}.Release|Any CPU.Build.0 = Release|Any CPU
	EndGlobalSection
	GlobalSection(SolutionProperties) = preSolution
		HideSolutionNode = FALSE
	EndGlobalSection
	GlobalSection(ExtensibilityGlobals) = postSolution
		SolutionGuid = {440E8C38-37AA-4CD8-AC99-D5F2B6072446}
	EndGlobalSection
EndGlobal
